
Microsoft Visual Studio Solution File, Format Version 12.00
# Visual Studio 15
VisualStudioVersion = 15.0.26403.3
MinimumVisualStudioVersion = 10.0.40219.1
Project("{FAE04EC0-301F-11D3-BF4B-00C04F79EFBC}") = "WebApi", "WebApi\WebApi.csproj", "{B2DABE98-5D18-491A-A5E4-F2AB92AC0304}"
EndProject
Project("{FAE04EC0-301F-11D3-BF4B-00C04F79EFBC}") = "UnitTestingForStudents.Tests", "UnitTestingForStudents.Tests\UnitTestingForStudents.Tests.csproj", "{36F037F0-2816-4D6D-BF71-4BAC89C36D0E}"
EndProject
Global
	GlobalSection(SolutionConfigurationPlatforms) = preSolution
		Debug|Any CPU = Debug|Any CPU
		Debug|ARM = Debug|ARM
		Debug|x64 = Debug|x64
		Debug|x86 = Debug|x86
		Release|Any CPU = Release|Any CPU
		Release|ARM = Release|ARM
		Release|x64 = Release|x64
		Release|x86 = Release|x86
	EndGlobalSection
	GlobalSection(ProjectConfigurationPlatforms) = postSolution
		{B2DABE98-5D18-491A-A5E4-F2AB92AC0304}.Debug|Any CPU.ActiveCfg = Debug|Any CPU
		{B2DABE98-5D18-491A-A5E4-F2AB92AC0304}.Debug|Any CPU.Build.0 = Debug|Any CPU
		{B2DABE98-5D18-491A-A5E4-F2AB92AC0304}.Debug|ARM.ActiveCfg = Debug|Any CPU
		{B2DABE98-5D18-491A-A5E4-F2AB92AC0304}.Debug|ARM.Build.0 = Debug|Any CPU
		{B2DABE98-5D18-491A-A5E4-F2AB92AC0304}.Debug|x64.ActiveCfg = Debug|Any CPU
		{B2DABE98-5D18-491A-A5E4-F2AB92AC0304}.Debug|x64.Build.0 = Debug|Any CPU
		{B2DABE98-5D18-491A-A5E4-F2AB92AC0304}.Debug|x86.ActiveCfg = Debug|Any CPU
		{B2DABE98-5D18-491A-A5E4-F2AB92AC0304}.Debug|x86.Build.0 = Debug|Any CPU
		{B2DABE98-5D18-491A-A5E4-F2AB92AC0304}.Release|Any CPU.ActiveCfg = Release|Any CPU
		{B2DABE98-5D18-491A-A5E4-F2AB92AC0304}.Release|Any CPU.Build.0 = Release|Any CPU
		{B2DABE98-5D18-491A-A5E4-F2AB92AC0304}.Release|ARM.ActiveCfg = Release|Any CPU
		{B2DABE98-5D18-491A-A5E4-F2AB92AC0304}.Release|ARM.Build.0 = Release|Any CPU
		{B2DABE98-5D18-491A-A5E4-F2AB92AC0304}.Release|x64.ActiveCfg = Release|Any CPU
		{B2DABE98-5D18-491A-A5E4-F2AB92AC0304}.Release|x64.Build.0 = Release|Any CPU
		{B2DABE98-5D18-491A-A5E4-F2AB92AC0304}.Release|x86.ActiveCfg = Release|Any CPU
		{B2DABE98-5D18-491A-A5E4-F2AB92AC0304}.Release|x86.Build.0 = Release|Any CPU
		{36F037F0-2816-4D6D-BF71-4BAC89C36D0E}.Debug|Any CPU.ActiveCfg = Debug|Any CPU
		{36F037F0-2816-4D6D-BF71-4BAC89C36D0E}.Debug|Any CPU.Build.0 = Debug|Any CPU
		{36F037F0-2816-4D6D-BF71-4BAC89C36D0E}.Debug|ARM.ActiveCfg = Debug|Any CPU
		{36F037F0-2816-4D6D-BF71-4BAC89C36D0E}.Debug|ARM.Build.0 = Debug|Any CPU
		{36F037F0-2816-4D6D-BF71-4BAC89C36D0E}.Debug|x64.ActiveCfg = Debug|Any CPU
		{36F037F0-2816-4D6D-BF71-4BAC89C36D0E}.Debug|x64.Build.0 = Debug|Any CPU
		{36F037F0-2816-4D6D-BF71-4BAC89C36D0E}.Debug|x86.ActiveCfg = Debug|Any CPU
		{36F037F0-2816-4D6D-BF71-4BAC89C36D0E}.Debug|x86.Build.0 = Debug|Any CPU
		{36F037F0-2816-4D6D-BF71-4BAC89C36D0E}.Release|Any CPU.ActiveCfg = Release|Any CPU
		{36F037F0-2816-4D6D-BF71-4BAC89C36D0E}.Release|Any CPU.Build.0 = Release|Any CPU
		{36F037F0-2816-4D6D-BF71-4BAC89C36D0E}.Release|ARM.ActiveCfg = Release|Any CPU
		{36F037F0-2816-4D6D-BF71-4BAC89C36D0E}.Release|ARM.Build.0 = Release|Any CPU
		{36F037F0-2816-4D6D-BF71-4BAC89C36D0E}.Release|x64.ActiveCfg = Release|Any CPU
		{36F037F0-2816-4D6D-BF71-4BAC89C36D0E}.Release|x64.Build.0 = Release|Any CPU
		{36F037F0-2816-4D6D-BF71-4BAC89C36D0E}.Release|x86.ActiveCfg = Release|Any CPU
		{36F037F0-2816-4D6D-BF71-4BAC89C36D0E}.Release|x86.Build.0 = Release|Any CPU
	EndGlobalSection
	GlobalSection(SolutionProperties) = preSolution
		HideSolutionNode = FALSE
	EndGlobalSection
EndGlobal
